
Microsoft Visual Studio Solution File, Format Version 12.00
# Visual Studio Version 17
VisualStudioVersion = 17.3.32922.545
MinimumVisualStudioVersion = 10.0.40219.1
Project("{9A19103F-16F7-4668-BE54-9A1E7A4F7556}") = "AppointmentRx.WebApi", "AppointmentRx.WebApi\AppointmentRx.WebApi.csproj", "{341D8781-69AA-4E47-B587-1ABC397F2E1D}"
EndProject
Project("{9A19103F-16F7-4668-BE54-9A1E7A4F7556}") = "AppointmentRx.BusinessDomain", "AppointmentRx.BusinessDomain\AppointmentRx.BusinessDomain.csproj", "{EB68B0A7-3B7A-4AEB-AD40-9C63737EABAE}"
EndProject
Project("{9A19103F-16F7-4668-BE54-9A1E7A4F7556}") = "AppointmentRx.DataAccess", "AppointmentRx.DataAccess\AppointmentRx.DataAccess.csproj", "{F461D7DA-506D-4098-B1D3-72FBBE893ED1}"
EndProject
Project("{9A19103F-16F7-4668-BE54-9A1E7A4F7556}") = "AppointmentRx.Models", "AppointmentRx.Models\AppointmentRx.Models.csproj", "{AD11F7ED-9582-40AE-B751-E4E5C8404792}"
EndProject
Project("{9A19103F-16F7-4668-BE54-9A1E7A4F7556}") = "AppointmentRx.Services", "AppointmentRx.Services\AppointmentRx.Services.csproj", "{965A3BCE-6B31-4E06-BC47-D9DB72F9208D}"
EndProject
Project("{FAE04EC0-301F-11D3-BF4B-00C04F79EFBC}") = "AppointmentRx.Framework", "AppointmentRx.Framework\AppointmentRx.Framework.csproj", "{4788721B-6515-4B91-A535-31650BB294DD}"
EndProject
Global
	GlobalSection(SolutionConfigurationPlatforms) = preSolution
		Debug|Any CPU = Debug|Any CPU
		Release|Any CPU = Release|Any CPU
	EndGlobalSection
	GlobalSection(ProjectConfigurationPlatforms) = postSolution
		{341D8781-69AA-4E47-B587-1ABC397F2E1D}.Debug|Any CPU.ActiveCfg = Debug|Any CPU
		{341D8781-69AA-4E47-B587-1ABC397F2E1D}.Debug|Any CPU.Build.0 = Debug|Any CPU
		{341D8781-69AA-4E47-B587-1ABC397F2E1D}.Release|Any CPU.ActiveCfg = Release|Any CPU
		{341D8781-69AA-4E47-B587-1ABC397F2E1D}.Release|Any CPU.Build.0 = Release|Any CPU
		{EB68B0A7-3B7A-4AEB-AD40-9C63737EABAE}.Debug|Any CPU.ActiveCfg = Debug|Any CPU
		{EB68B0A7-3B7A-4AEB-AD40-9C63737EABAE}.Debug|Any CPU.Build.0 = Debug|Any CPU
		{EB68B0A7-3B7A-4AEB-AD40-9C63737EABAE}.Release|Any CPU.ActiveCfg = Release|Any CPU
		{EB68B0A7-3B7A-4AEB-AD40-9C63737EABAE}.Release|Any CPU.Build.0 = Release|Any CPU
		{F461D7DA-506D-4098-B1D3-72FBBE893ED1}.Debug|Any CPU.ActiveCfg = Debug|Any CPU
		{F461D7DA-506D-4098-B1D3-72FBBE893ED1}.Debug|Any CPU.Build.0 = Debug|Any CPU
		{F461D7DA-506D-4098-B1D3-72FBBE893ED1}.Release|Any CPU.ActiveCfg = Release|Any CPU
		{F461D7DA-506D-4098-B1D3-72FBBE893ED1}.Release|Any CPU.Build.0 = Release|Any CPU
		{AD11F7ED-9582-40AE-B751-E4E5C8404792}.Debug|Any CPU.ActiveCfg = Debug|Any CPU
		{AD11F7ED-9582-40AE-B751-E4E5C8404792}.Debug|Any CPU.Build.0 = Debug|Any CPU
		{AD11F7ED-9582-40AE-B751-E4E5C8404792}.Release|Any CPU.ActiveCfg = Release|Any CPU
		{AD11F7ED-9582-40AE-B751-E4E5C8404792}.Release|Any CPU.Build.0 = Release|Any CPU
		{965A3BCE-6B31-4E06-BC47-D9DB72F9208D}.Debug|Any CPU.ActiveCfg = Debug|Any CPU
		{965A3BCE-6B31-4E06-BC47-D9DB72F9208D}.Debug|Any CPU.Build.0 = Debug|Any CPU
		{965A3BCE-6B31-4E06-BC47-D9DB72F9208D}.Release|Any CPU.ActiveCfg = Release|Any CPU
		{965A3BCE-6B31-4E06-BC47-D9DB72F9208D}.Release|Any CPU.Build.0 = Release|Any CPU
		{4788721B-6515-4B91-A535-31650BB294DD}.Debug|Any CPU.ActiveCfg = Debug|Any CPU
		{4788721B-6515-4B91-A535-31650BB294DD}.Debug|Any CPU.Build.0 = Debug|Any CPU
		{4788721B-6515-4B91-A535-31650BB294DD}.Release|Any CPU.ActiveCfg = Release|Any CPU
		{4788721B-6515-4B91-A535-31650BB294DD}.Release|Any CPU.Build.0 = Release|Any CPU
	EndGlobalSection
	GlobalSection(SolutionProperties) = preSolution
		HideSolutionNode = FALSE
	EndGlobalSection
	GlobalSection(ExtensibilityGlobals) = postSolution
		SolutionGuid = {3BD41EF2-A1D8-4C6B-8D05-E5538DDC752E}
	EndGlobalSection
EndGlobal
